
Microsoft Visual Studio Solution File, Format Version 12.00
# Visual Studio Version 16
VisualStudioVersion = 16.0.31702.278
MinimumVisualStudioVersion = 10.0.40219.1
Project("{FAE04EC0-301F-11D3-BF4B-00C04F79EFBC}") = "sca.aktinesconsulting.windows", "sca.aktinesconsulting.windows\sca.aktinesconsulting.windows.csproj", "{795D331A-B809-44A9-8F66-4CA16BC16D3C}"
EndProject
Project("{9A19103F-16F7-4668-BE54-9A1E7A4F7556}") = "sca.aktinesconsulting.core", "sca.aktinesconsulting.core\sca.aktinesconsulting.core.csproj", "{025143ED-172E-4ADF-BD70-1A87AE536D93}"
EndProject
Project("{9A19103F-16F7-4668-BE54-9A1E7A4F7556}") = "sca.aktinesconsulting.entitiy", "sca.aktinesconsulting.entitiy\sca.aktinesconsulting.entitiy.csproj", "{61BEAEC2-7A5C-40C0-8D47-C79AEC3DFF68}"
EndProject
Project("{9A19103F-16F7-4668-BE54-9A1E7A4F7556}") = "sca.aktinesconsulting.infrastructure", "sca.aktinesconsulting.infrastructure\sca.aktinesconsulting.infrastructure.csproj", "{9D7B7F86-0382-48FF-BA6C-5E441D5A4CC3}"
EndProject
Project("{9A19103F-16F7-4668-BE54-9A1E7A4F7556}") = "sca.aktinesconsulting.web", "sca.aktinesconsulting.web\sca.aktinesconsulting.web.csproj", "{BC02CCEF-8298-49EB-880C-FD96ED339A36}"
EndProject
Project("{FAE04EC0-301F-11D3-BF4B-00C04F79EFBC}") = "sca.aktinesconsulting.repository", "sca.aktinesconsulting.repository\sca.aktinesconsulting.repository.csproj", "{353242F0-925A-4E54-8B03-C8B9FC539D58}"
EndProject
Project("{FAE04EC0-301F-11D3-BF4B-00C04F79EFBC}") = "sca.aktinesconsulting.service", "sca.aktinesconsulting.service\sca.aktinesconsulting.service.csproj", "{7333925D-A2C9-443A-BA18-FED136619963}"
EndProject
Global
	GlobalSection(SolutionConfigurationPlatforms) = preSolution
		Debug|Any CPU = Debug|Any CPU
		Release|Any CPU = Release|Any CPU
	EndGlobalSection
	GlobalSection(ProjectConfigurationPlatforms) = postSolution
		{795D331A-B809-44A9-8F66-4CA16BC16D3C}.Debug|Any CPU.ActiveCfg = Debug|Any CPU
		{795D331A-B809-44A9-8F66-4CA16BC16D3C}.Debug|Any CPU.Build.0 = Debug|Any CPU
		{795D331A-B809-44A9-8F66-4CA16BC16D3C}.Release|Any CPU.ActiveCfg = Release|Any CPU
		{795D331A-B809-44A9-8F66-4CA16BC16D3C}.Release|Any CPU.Build.0 = Release|Any CPU
		{025143ED-172E-4ADF-BD70-1A87AE536D93}.Debug|Any CPU.ActiveCfg = Debug|Any CPU
		{025143ED-172E-4ADF-BD70-1A87AE536D93}.Debug|Any CPU.Build.0 = Debug|Any CPU
		{025143ED-172E-4ADF-BD70-1A87AE536D93}.Release|Any CPU.ActiveCfg = Release|Any CPU
		{025143ED-172E-4ADF-BD70-1A87AE536D93}.Release|Any CPU.Build.0 = Release|Any CPU
		{61BEAEC2-7A5C-40C0-8D47-C79AEC3DFF68}.Debug|Any CPU.ActiveCfg = Debug|Any CPU
		{61BEAEC2-7A5C-40C0-8D47-C79AEC3DFF68}.Debug|Any CPU.Build.0 = Debug|Any CPU
		{61BEAEC2-7A5C-40C0-8D47-C79AEC3DFF68}.Release|Any CPU.ActiveCfg = Release|Any CPU
		{61BEAEC2-7A5C-40C0-8D47-C79AEC3DFF68}.Release|Any CPU.Build.0 = Release|Any CPU
		{9D7B7F86-0382-48FF-BA6C-5E441D5A4CC3}.Debug|Any CPU.ActiveCfg = Debug|Any CPU
		{9D7B7F86-0382-48FF-BA6C-5E441D5A4CC3}.Debug|Any CPU.Build.0 = Debug|Any CPU
		{9D7B7F86-0382-48FF-BA6C-5E441D5A4CC3}.Release|Any CPU.ActiveCfg = Release|Any CPU
		{9D7B7F86-0382-48FF-BA6C-5E441D5A4CC3}.Release|Any CPU.Build.0 = Release|Any CPU
		{BC02CCEF-8298-49EB-880C-FD96ED339A36}.Debug|Any CPU.ActiveCfg = Debug|Any CPU
		{BC02CCEF-8298-49EB-880C-FD96ED339A36}.Debug|Any CPU.Build.0 = Debug|Any CPU
		{BC02CCEF-8298-49EB-880C-FD96ED339A36}.Release|Any CPU.ActiveCfg = Release|Any CPU
		{BC02CCEF-8298-49EB-880C-FD96ED339A36}.Release|Any CPU.Build.0 = Release|Any CPU
		{353242F0-925A-4E54-8B03-C8B9FC539D58}.Debug|Any CPU.ActiveCfg = Debug|Any CPU
		{353242F0-925A-4E54-8B03-C8B9FC539D58}.Debug|Any CPU.Build.0 = Debug|Any CPU
		{353242F0-925A-4E54-8B03-C8B9FC539D58}.Release|Any CPU.ActiveCfg = Release|Any CPU
		{353242F0-925A-4E54-8B03-C8B9FC539D58}.Release|Any CPU.Build.0 = Release|Any CPU
		{7333925D-A2C9-443A-BA18-FED136619963}.Debug|Any CPU.ActiveCfg = Debug|Any CPU
		{7333925D-A2C9-443A-BA18-FED136619963}.Debug|Any CPU.Build.0 = Debug|Any CPU
		{7333925D-A2C9-443A-BA18-FED136619963}.Release|Any CPU.ActiveCfg = Release|Any CPU
		{7333925D-A2C9-443A-BA18-FED136619963}.Release|Any CPU.Build.0 = Release|Any CPU
	EndGlobalSection
	GlobalSection(SolutionProperties) = preSolution
		HideSolutionNode = FALSE
	EndGlobalSection
	GlobalSection(ExtensibilityGlobals) = postSolution
		SolutionGuid = {5A88546E-7F9A-4691-BB28-55F1F9C4F16D}
	EndGlobalSection
EndGlobal
